{
    "_meta": {
        "hash": {
            "sha256": "217d9863679968692d518aeee4307cbf85b560327594ab11579ed75d1f469fe2"
        },
        "pipfile-spec": 6,
        "requires": {
            "python_version": "3.12"
        },
        "sources": [
            {
                "name": "pypi",
                "url": "https://pypi.org/simple",
                "verify_ssl": true
            }
        ]
    },
    "default": {
        "langchain-openai": "*",
        "ravendb": "*"
    },
    "develop": {}
}
